
Microsoft Visual Studio Solution File, Format Version 12.00
# Visual Studio Version 17
VisualStudioVersion = 17.7.34024.191
MinimumVisualStudioVersion = 10.0.40219.1
Project("{FAE04EC0-301F-11D3-BF4B-00C04F79EFBC}") = "Convertidor", "Convertidor\Convertidor.csproj", "{D751DA8F-4AA5-497A-89FF-87A914048F1F}"
EndProject
Global
	GlobalSection(SolutionConfigurationPlatforms) = preSolution
		Debug|Any CPU = Debug|Any CPU
		Release|Any CPU = Release|Any CPU
	EndGlobalSection
	GlobalSection(ProjectConfigurationPlatforms) = postSolution
		{D751DA8F-4AA5-497A-89FF-87A914048F1F}.Debug|Any CPU.ActiveCfg = Debug|Any CPU
		{D751DA8F-4AA5-497A-89FF-87A914048F1F}.Debug|Any CPU.Build.0 = Debug|Any CPU
		{D751DA8F-4AA5-497A-89FF-87A914048F1F}.Release|Any CPU.ActiveCfg = Release|Any CPU
		{D751DA8F-4AA5-497A-89FF-87A914048F1F}.Release|Any CPU.Build.0 = Release|Any CPU
	EndGlobalSection
	GlobalSection(SolutionProperties) = preSolution
		HideSolutionNode = FALSE
	EndGlobalSection
	GlobalSection(ExtensibilityGlobals) = postSolution
		SolutionGuid = {0D6985ED-7D21-4476-BBBE-5B21497AA09A}
	EndGlobalSection
EndGlobal
